
Microsoft Visual Studio Solution File, Format Version 12.00
# Visual Studio Version 17
VisualStudioVersion = 17.8.34330.188
MinimumVisualStudioVersion = 10.0.40219.1
Project("{8BC9CEB8-8B4A-11D0-8D11-00A0C91BC942}") = "ByzWork", "ByzWork\ByzWork.vcxproj", "{81B0CA6E-C80A-4738-B0CE-ADF804B52DBD}"
EndProject
Project("{8BC9CEB8-8B4A-11D0-8D11-00A0C91BC942}") = "Work2", "Work2\Work2.vcxproj", "{1ACB8A14-6FD8-466C-846B-F76607B64A15}"
EndProject
Project("{8BC9CEB8-8B4A-11D0-8D11-00A0C91BC942}") = "Work3", "Work3\Work3.vcxproj", "{926116B5-C008-44BA-A16C-73E78ED24A1D}"
EndProject
Project("{8BC9CEB8-8B4A-11D0-8D11-00A0C91BC942}") = "Work4", "Work4\Work4.vcxproj", "{CA4EFC2D-F5C8-4863-8F09-5094E0467400}"
EndProject
Project("{8BC9CEB8-8B4A-11D0-8D11-00A0C91BC942}") = "Work5", "Work5\Work5.vcxproj", "{85094CD4-2201-46E2-9DB9-55E3623A6430}"
EndProject
Project("{8BC9CEB8-8B4A-11D0-8D11-00A0C91BC942}") = "Work6", "Work6\Work6.vcxproj", "{5268FF6E-BE4B-47EC-A00C-68763B1B1642}"
EndProject
Project("{8BC9CEB8-8B4A-11D0-8D11-00A0C91BC942}") = "Work7", "Work7\Work7.vcxproj", "{34D452EE-D3CB-4894-80A1-144EDFE7011E}"
EndProject
Project("{8BC9CEB8-8B4A-11D0-8D11-00A0C91BC942}") = "Work8", "Work8\Work8.vcxproj", "{55A2A4E9-BEB6-4AB4-86FD-68DA76E7E030}"
EndProject
Project("{8BC9CEB8-8B4A-11D0-8D11-00A0C91BC942}") = "Work9", "Work9\Work9.vcxproj", "{DF37E083-348F-4D2A-A969-DE97150629FB}"
EndProject
Project("{8BC9CEB8-8B4A-11D0-8D11-00A0C91BC942}") = "Work10", "Work10\Work10.vcxproj", "{BCE4BA3E-71EC-44A2-AC7B-2E67E17BC316}"
EndProject
Project("{8BC9CEB8-8B4A-11D0-8D11-00A0C91BC942}") = "Work11", "Work11\Work11.vcxproj", "{5938E601-01CF-45A1-90F1-A6D7CDC776B8}"
EndProject
Project("{8BC9CEB8-8B4A-11D0-8D11-00A0C91BC942}") = "Work12", "Work12\Work12.vcxproj", "{116FC95F-0C74-45D5-8392-36BE691B55AF}"
EndProject
Global
	GlobalSection(SolutionConfigurationPlatforms) = preSolution
		Debug|x64 = Debug|x64
		Debug|x86 = Debug|x86
		Release|x64 = Release|x64
		Release|x86 = Release|x86
	EndGlobalSection
	GlobalSection(ProjectConfigurationPlatforms) = postSolution
		{81B0CA6E-C80A-4738-B0CE-ADF804B52DBD}.Debug|x64.ActiveCfg = Debug|x64
		{81B0CA6E-C80A-4738-B0CE-ADF804B52DBD}.Debug|x64.Build.0 = Debug|x64
		{81B0CA6E-C80A-4738-B0CE-ADF804B52DBD}.Debug|x86.ActiveCfg = Debug|Win32
		{81B0CA6E-C80A-4738-B0CE-ADF804B52DBD}.Debug|x86.Build.0 = Debug|Win32
		{81B0CA6E-C80A-4738-B0CE-ADF804B52DBD}.Release|x64.ActiveCfg = Release|x64
		{81B0CA6E-C80A-4738-B0CE-ADF804B52DBD}.Release|x64.Build.0 = Release|x64
		{81B0CA6E-C80A-4738-B0CE-ADF804B52DBD}.Release|x86.ActiveCfg = Release|Win32
		{81B0CA6E-C80A-4738-B0CE-ADF804B52DBD}.Release|x86.Build.0 = Release|Win32
		{1ACB8A14-6FD8-466C-846B-F76607B64A15}.Debug|x64.ActiveCfg = Debug|x64
		{1ACB8A14-6FD8-466C-846B-F76607B64A15}.Debug|x64.Build.0 = Debug|x64
		{1ACB8A14-6FD8-466C-846B-F76607B64A15}.Debug|x86.ActiveCfg = Debug|Win32
		{1ACB8A14-6FD8-466C-846B-F76607B64A15}.Debug|x86.Build.0 = Debug|Win32
		{1ACB8A14-6FD8-466C-846B-F76607B64A15}.Release|x64.ActiveCfg = Release|x64
		{1ACB8A14-6FD8-466C-846B-F76607B64A15}.Release|x64.Build.0 = Release|x64
		{1ACB8A14-6FD8-466C-846B-F76607B64A15}.Release|x86.ActiveCfg = Release|Win32
		{1ACB8A14-6FD8-466C-846B-F76607B64A15}.Release|x86.Build.0 = Release|Win32
		{926116B5-C008-44BA-A16C-73E78ED24A1D}.Debug|x64.ActiveCfg = Debug|x64
		{926116B5-C008-44BA-A16C-73E78ED24A1D}.Debug|x64.Build.0 = Debug|x64
		{926116B5-C008-44BA-A16C-73E78ED24A1D}.Debug|x86.ActiveCfg = Debug|Win32
		{926116B5-C008-44BA-A16C-73E78ED24A1D}.Debug|x86.Build.0 = Debug|Win32
		{926116B5-C008-44BA-A16C-73E78ED24A1D}.Release|x64.ActiveCfg = Release|x64
		{926116B5-C008-44BA-A16C-73E78ED24A1D}.Release|x64.Build.0 = Release|x64
		{926116B5-C008-44BA-A16C-73E78ED24A1D}.Release|x86.ActiveCfg = Release|Win32
		{926116B5-C008-44BA-A16C-73E78ED24A1D}.Release|x86.Build.0 = Release|Win32
		{CA4EFC2D-F5C8-4863-8F09-5094E0467400}.Debug|x64.ActiveCfg = Debug|x64
		{CA4EFC2D-F5C8-4863-8F09-5094E0467400}.Debug|x64.Build.0 = Debug|x64
		{CA4EFC2D-F5C8-4863-8F09-5094E0467400}.Debug|x86.ActiveCfg = Debug|Win32
		{CA4EFC2D-F5C8-4863-8F09-5094E0467400}.Debug|x86.Build.0 = Debug|Win32
		{CA4EFC2D-F5C8-4863-8F09-5094E0467400}.Release|x64.ActiveCfg = Release|x64
		{CA4EFC2D-F5C8-4863-8F09-5094E0467400}.Release|x64.Build.0 = Release|x64
		{CA4EFC2D-F5C8-4863-8F09-5094E0467400}.Release|x86.ActiveCfg = Release|Win32
		{CA4EFC2D-F5C8-4863-8F09-5094E0467400}.Release|x86.Build.0 = Release|Win32
		{85094CD4-2201-46E2-9DB9-55E3623A6430}.Debug|x64.ActiveCfg = Debug|x64
		{85094CD4-2201-46E2-9DB9-55E3623A6430}.Debug|x64.Build.0 = Debug|x64
		{85094CD4-2201-46E2-9DB9-55E3623A6430}.Debug|x86.ActiveCfg = Debug|Win32
		{85094CD4-2201-46E2-9DB9-55E3623A6430}.Debug|x86.Build.0 = Debug|Win32
		{85094CD4-2201-46E2-9DB9-55E3623A6430}.Release|x64.ActiveCfg = Release|x64
		{85094CD4-2201-46E2-9DB9-55E3623A6430}.Release|x64.Build.0 = Release|x64
		{85094CD4-2201-46E2-9DB9-55E3623A6430}.Release|x86.ActiveCfg = Release|Win32
		{85094CD4-2201-46E2-9DB9-55E3623A6430}.Release|x86.Build.0 = Release|Win32
		{5268FF6E-BE4B-47EC-A00C-68763B1B1642}.Debug|x64.ActiveCfg = Debug|x64
		{5268FF6E-BE4B-47EC-A00C-68763B1B1642}.Debug|x64.Build.0 = Debug|x64
		{5268FF6E-BE4B-47EC-A00C-68763B1B1642}.Debug|x86.ActiveCfg = Debug|Win32
		{5268FF6E-BE4B-47EC-A00C-68763B1B1642}.Debug|x86.Build.0 = Debug|Win32
		{5268FF6E-BE4B-47EC-A00C-68763B1B1642}.Release|x64.ActiveCfg = Release|x64
		{5268FF6E-BE4B-47EC-A00C-68763B1B1642}.Release|x64.Build.0 = Release|x64
		{5268FF6E-BE4B-47EC-A00C-68763B1B1642}.Release|x86.ActiveCfg = Release|Win32
		{5268FF6E-BE4B-47EC-A00C-68763B1B1642}.Release|x86.Build.0 = Release|Win32
		{34D452EE-D3CB-4894-80A1-144EDFE7011E}.Debug|x64.ActiveCfg = Debug|x64
		{34D452EE-D3CB-4894-80A1-144EDFE7011E}.Debug|x64.Build.0 = Debug|x64
		{34D452EE-D3CB-4894-80A1-144EDFE7011E}.Debug|x86.ActiveCfg = Debug|Win32
		{34D452EE-D3CB-4894-80A1-144EDFE7011E}.Debug|x86.Build.0 = Debug|Win32
		{34D452EE-D3CB-4894-80A1-144EDFE7011E}.Release|x64.ActiveCfg = Release|x64
		{34D452EE-D3CB-4894-80A1-144EDFE7011E}.Release|x64.Build.0 = Release|x64
		{34D452EE-D3CB-4894-80A1-144EDFE7011E}.Release|x86.ActiveCfg = Release|Win32
		{34D452EE-D3CB-4894-80A1-144EDFE7011E}.Release|x86.Build.0 = Release|Win32
		{55A2A4E9-BEB6-4AB4-86FD-68DA76E7E030}.Debug|x64.ActiveCfg = Debug|x64
		{55A2A4E9-BEB6-4AB4-86FD-68DA76E7E030}.Debug|x64.Build.0 = Debug|x64
		{55A2A4E9-BEB6-4AB4-86FD-68DA76E7E030}.Debug|x86.ActiveCfg = Debug|Win32
		{55A2A4E9-BEB6-4AB4-86FD-68DA76E7E030}.Debug|x86.Build.0 = Debug|Win32
		{55A2A4E9-BEB6-4AB4-86FD-68DA76E7E030}.Release|x64.ActiveCfg = Release|x64
		{55A2A4E9-BEB6-4AB4-86FD-68DA76E7E030}.Release|x64.Build.0 = Release|x64
		{55A2A4E9-BEB6-4AB4-86FD-68DA76E7E030}.Release|x86.ActiveCfg = Release|Win32
		{55A2A4E9-BEB6-4AB4-86FD-68DA76E7E030}.Release|x86.Build.0 = Release|Win32
		{DF37E083-348F-4D2A-A969-DE97150629FB}.Debug|x64.ActiveCfg = Debug|x64
		{DF37E083-348F-4D2A-A969-DE97150629FB}.Debug|x64.Build.0 = Debug|x64
		{DF37E083-348F-4D2A-A969-DE97150629FB}.Debug|x86.ActiveCfg = Debug|Win32
		{DF37E083-348F-4D2A-A969-DE97150629FB}.Debug|x86.Build.0 = Debug|Win32
		{DF37E083-348F-4D2A-A969-DE97150629FB}.Release|x64.ActiveCfg = Release|x64
		{DF37E083-348F-4D2A-A969-DE97150629FB}.Release|x64.Build.0 = Release|x64
		{DF37E083-348F-4D2A-A969-DE97150629FB}.Release|x86.ActiveCfg = Release|Win32
		{DF37E083-348F-4D2A-A969-DE97150629FB}.Release|x86.Build.0 = Release|Win32
		{BCE4BA3E-71EC-44A2-AC7B-2E67E17BC316}.Debug|x64.ActiveCfg = Debug|x64
		{BCE4BA3E-71EC-44A2-AC7B-2E67E17BC316}.Debug|x64.Build.0 = Debug|x64
		{BCE4BA3E-71EC-44A2-AC7B-2E67E17BC316}.Debug|x86.ActiveCfg = Debug|Win32
		{BCE4BA3E-71EC-44A2-AC7B-2E67E17BC316}.Debug|x86.Build.0 = Debug|Win32
		{BCE4BA3E-71EC-44A2-AC7B-2E67E17BC316}.Release|x64.ActiveCfg = Release|x64
		{BCE4BA3E-71EC-44A2-AC7B-2E67E17BC316}.Release|x64.Build.0 = Release|x64
		{BCE4BA3E-71EC-44A2-AC7B-2E67E17BC316}.Release|x86.ActiveCfg = Release|Win32
		{BCE4BA3E-71EC-44A2-AC7B-2E67E17BC316}.Release|x86.Build.0 = Release|Win32
		{5938E601-01CF-45A1-90F1-A6D7CDC776B8}.Debug|x64.ActiveCfg = Debug|x64
		{5938E601-01CF-45A1-90F1-A6D7CDC776B8}.Debug|x64.Build.0 = Debug|x64
		{5938E601-01CF-45A1-90F1-A6D7CDC776B8}.Debug|x86.ActiveCfg = Debug|Win32
		{5938E601-01CF-45A1-90F1-A6D7CDC776B8}.Debug|x86.Build.0 = Debug|Win32
		{5938E601-01CF-45A1-90F1-A6D7CDC776B8}.Release|x64.ActiveCfg = Release|x64
		{5938E601-01CF-45A1-90F1-A6D7CDC776B8}.Release|x64.Build.0 = Release|x64
		{5938E601-01CF-45A1-90F1-A6D7CDC776B8}.Release|x86.ActiveCfg = Release|Win32
		{5938E601-01CF-45A1-90F1-A6D7CDC776B8}.Release|x86.Build.0 = Release|Win32
		{116FC95F-0C74-45D5-8392-36BE691B55AF}.Debug|x64.ActiveCfg = Debug|x64
		{116FC95F-0C74-45D5-8392-36BE691B55AF}.Debug|x64.Build.0 = Debug|x64
		{116FC95F-0C74-45D5-8392-36BE691B55AF}.Debug|x86.ActiveCfg = Debug|Win32
		{116FC95F-0C74-45D5-8392-36BE691B55AF}.Debug|x86.Build.0 = Debug|Win32
		{116FC95F-0C74-45D5-8392-36BE691B55AF}.Release|x64.ActiveCfg = Release|x64
		{116FC95F-0C74-45D5-8392-36BE691B55AF}.Release|x64.Build.0 = Release|x64
		{116FC95F-0C74-45D5-8392-36BE691B55AF}.Release|x86.ActiveCfg = Release|Win32
		{116FC95F-0C74-45D5-8392-36BE691B55AF}.Release|x86.Build.0 = Release|Win32
	EndGlobalSection
	GlobalSection(SolutionProperties) = preSolution
		HideSolutionNode = FALSE
	EndGlobalSection
	GlobalSection(ExtensibilityGlobals) = postSolution
		SolutionGuid = {23A1AD9F-181D-4D54-81D0-42711C2A1E62}
	EndGlobalSection
EndGlobal
